
Microsoft Visual Studio Solution File, Format Version 12.00
Project("{FAE04EC0-301F-11D3-BF4B-00C04F79EFBC}") = "Presentation", "Presentation\Presentation.csproj", "{EF028FCC-2F6C-4CE8-BE9F-1C0DFB7ADED2}"
EndProject
Project("{FAE04EC0-301F-11D3-BF4B-00C04F79EFBC}") = "Application", "Application\Application.csproj", "{D046B102-39BE-4CF9-89D5-8B386105EFEB}"
EndProject
Project("{FAE04EC0-301F-11D3-BF4B-00C04F79EFBC}") = "Persistence", "Persistence\Persistence.csproj", "{5E0AAC90-ED1F-4177-B39F-B97E45CA8725}"
EndProject
Global
	GlobalSection(SolutionConfigurationPlatforms) = preSolution
		Debug|Any CPU = Debug|Any CPU
		Release|Any CPU = Release|Any CPU
	EndGlobalSection
	GlobalSection(ProjectConfigurationPlatforms) = postSolution
		{EF028FCC-2F6C-4CE8-BE9F-1C0DFB7ADED2}.Debug|Any CPU.ActiveCfg = Debug|Any CPU
		{EF028FCC-2F6C-4CE8-BE9F-1C0DFB7ADED2}.Debug|Any CPU.Build.0 = Debug|Any CPU
		{EF028FCC-2F6C-4CE8-BE9F-1C0DFB7ADED2}.Release|Any CPU.ActiveCfg = Release|Any CPU
		{EF028FCC-2F6C-4CE8-BE9F-1C0DFB7ADED2}.Release|Any CPU.Build.0 = Release|Any CPU
		{D046B102-39BE-4CF9-89D5-8B386105EFEB}.Debug|Any CPU.ActiveCfg = Debug|Any CPU
		{D046B102-39BE-4CF9-89D5-8B386105EFEB}.Debug|Any CPU.Build.0 = Debug|Any CPU
		{D046B102-39BE-4CF9-89D5-8B386105EFEB}.Release|Any CPU.ActiveCfg = Release|Any CPU
		{D046B102-39BE-4CF9-89D5-8B386105EFEB}.Release|Any CPU.Build.0 = Release|Any CPU
		{5E0AAC90-ED1F-4177-B39F-B97E45CA8725}.Debug|Any CPU.ActiveCfg = Debug|Any CPU
		{5E0AAC90-ED1F-4177-B39F-B97E45CA8725}.Debug|Any CPU.Build.0 = Debug|Any CPU
		{5E0AAC90-ED1F-4177-B39F-B97E45CA8725}.Release|Any CPU.ActiveCfg = Release|Any CPU
		{5E0AAC90-ED1F-4177-B39F-B97E45CA8725}.Release|Any CPU.Build.0 = Release|Any CPU
	EndGlobalSection
EndGlobal
